// !$*UTF8*$!
{
	archiveVersion = 1;
	classes = {
	};
	objectVersion = 46;
	objects = {

/* Begin PBXBuildFile section */
		01A8F293199C90DE0041E758 /* HeaderView.xib in Resources */ = {isa = PBXBuildFile; fileRef = 01A8F292199C90DE0041E758 /* HeaderView.xib */; };
		01A8F297199CC98D0041E758 /* BNRDetailViewController.m in Sources */ = {isa = PBXBuildFile; fileRef = 01A8F295199CC98D0041E758 /* BNRDetailViewController.m */; };
		01A8F298199CC98D0041E758 /* BNRDetailViewController.xib in Resources */ = {isa = PBXBuildFile; fileRef = 01A8F296199CC98D0041E758 /* BNRDetailViewController.xib */; };
		01F8980F1988C0F20068FD9F /* Foundation.framework in Frameworks */ = {isa = PBXBuildFile; fileRef = 01F8980E1988C0F20068FD9F /* Foundation.framework */; };
		01F898111988C0F20068FD9F /* CoreGraphics.framework in Frameworks */ = {isa = PBXBuildFile; fileRef = 01F898101988C0F20068FD9F /* CoreGraphics.framework */; };
		01F898131988C0F20068FD9F /* UIKit.framework in Frameworks */ = {isa = PBXBuildFile; fileRef = 01F898121988C0F20068FD9F /* UIKit.framework */; };
		01F898191988C0F20068FD9F /* InfoPlist.strings in Resources */ = {isa = PBXBuildFile; fileRef = 01F898171988C0F20068FD9F /* InfoPlist.strings */; };
		01F8981B1988C0F20068FD9F /* main.m in Sources */ = {isa = PBXBuildFile; fileRef = 01F8981A1988C0F20068FD9F /* main.m */; };
		01F8981F1988C0F30068FD9F /* BNRAppDelegate.m in Sources */ = {isa = PBXBuildFile; fileRef = 01F8981E1988C0F30068FD9F /* BNRAppDelegate.m */; };
		01F898211988C0F30068FD9F /* Images.xcassets in Resources */ = {isa = PBXBuildFile; fileRef = 01F898201988C0F30068FD9F /* Images.xcassets */; };
		01F898281988C0F40068FD9F /* XCTest.framework in Frameworks */ = {isa = PBXBuildFile; fileRef = 01F898271988C0F40068FD9F /* XCTest.framework */; };
		01F898291988C0F40068FD9F /* Foundation.framework in Frameworks */ = {isa = PBXBuildFile; fileRef = 01F8980E1988C0F20068FD9F /* Foundation.framework */; };
		01F8982A1988C0F40068FD9F /* UIKit.framework in Frameworks */ = {isa = PBXBuildFile; fileRef = 01F898121988C0F20068FD9F /* UIKit.framework */; };
		01F898321988C0F40068FD9F /* InfoPlist.strings in Resources */ = {isa = PBXBuildFile; fileRef = 01F898301988C0F40068FD9F /* InfoPlist.strings */; };
		01F898341988C0F40068FD9F /* HomepwnerTests.m in Sources */ = {isa = PBXBuildFile; fileRef = 01F898331988C0F40068FD9F /* HomepwnerTests.m */; };
		01F8983F1988C3180068FD9F /* BNRItemsViewController.m in Sources */ = {isa = PBXBuildFile; fileRef = 01F8983E1988C3180068FD9F /* BNRItemsViewController.m */; };
		01F898421988C4FA0068FD9F /* BNRItem.m in Sources */ = {isa = PBXBuildFile; fileRef = 01F898411988C4FA0068FD9F /* BNRItem.m */; };
		01F898451988C5FD0068FD9F /* BNRItemStore.m in Sources */ = {isa = PBXBuildFile; fileRef = 01F898441988C5FD0068FD9F /* BNRItemStore.m */; };
/* End PBXBuildFile section */

/* Begin PBXContainerItemProxy section */
		01F8982B1988C0F40068FD9F /* PBXContainerItemProxy */ = {
			isa = PBXContainerItemProxy;
			containerPortal = 01F898031988C0F10068FD9F /* Project object */;
			proxyType = 1;
			remoteGlobalIDString = 01F8980A1988C0F20068FD9F;
			remoteInfo = Homepwner;
		};
/* End PBXContainerItemProxy section */

/* Begin PBXFileReference section */
		01A8F292199C90DE0041E758 /* HeaderView.xib */ = {isa = PBXFileReference; fileEncoding = 4; lastKnownFileType = file.xib; path = HeaderView.xib; sourceTree = "<group>"; };
		01A8F294199CC98D0041E758 /* BNRDetailViewController.h */ = {isa = PBXFileReference; fileEncoding = 4; lastKnownFileType = sourcecode.c.h; path = BNRDetailViewController.h; sourceTree = "<group>"; };
		01A8F295199CC98D0041E758 /* BNRDetailViewController.m */ = {isa = PBXFileReference; fileEncoding = 4; lastKnownFileType = sourcecode.c.objc; path = BNRDetailViewController.m; sourceTree = "<group>"; };
		01A8F296199CC98D0041E758 /* BNRDetailViewController.xib */ = {isa = PBXFileReference; fileEncoding = 4; lastKnownFileType = file.xib; path = BNRDetailViewController.xib; sourceTree = "<group>"; };
		01F8980B1988C0F20068FD9F /* Homepwner.app */ = {isa = PBXFileReference; explicitFileType = wrapper.application; includeInIndex = 0; path = Homepwner.app; sourceTree = BUILT_PRODUCTS_DIR; };
		01F8980E1988C0F20068FD9F /* Foundation.framework */ = {isa = PBXFileReference; lastKnownFileType = wrapper.framework; name = Foundation.framework; path = System/Library/Frameworks/Foundation.framework; sourceTree = SDKROOT; };
		01F898101988C0F20068FD9F /* CoreGraphics.framework */ = {isa = PBXFileReference; lastKnownFileType = wrapper.framework; name = CoreGraphics.framework; path = System/Library/Frameworks/CoreGraphics.framework; sourceTree = SDKROOT; };
		01F898121988C0F20068FD9F /* UIKit.framework */ = {isa = PBXFileReference; lastKnownFileType = wrapper.framework; name = UIKit.framework; path = System/Library/Frameworks/UIKit.framework; sourceTree = SDKROOT; };
		01F898161988C0F20068FD9F /* Homepwner-Info.plist */ = {isa = PBXFileReference; lastKnownFileType = text.plist.xml; path = "Homepwner-Info.plist"; sourceTree = "<group>"; };
		01F898181988C0F20068FD9F /* en */ = {isa = PBXFileReference; lastKnownFileType = text.plist.strings; name = en; path = en.lproj/InfoPlist.strings; sourceTree = "<group>"; };
		01F8981A1988C0F20068FD9F /* main.m */ = {isa = PBXFileReference; lastKnownFileType = sourcecode.c.objc; path = main.m; sourceTree = "<group>"; };
		01F8981C1988C0F30068FD9F /* Homepwner-Prefix.pch */ = {isa = PBXFileReference; lastKnownFileType = sourcecode.c.h; path = "Homepwner-Prefix.pch"; sourceTree = "<group>"; };
		01F8981D1988C0F30068FD9F /* BNRAppDelegate.h */ = {isa = PBXFileReference; lastKnownFileType = sourcecode.c.h; path = BNRAppDelegate.h; sourceTree = "<group>"; };
		01F8981E1988C0F30068FD9F /* BNRAppDelegate.m */ = {isa = PBXFileReference; lastKnownFileType = sourcecode.c.objc; path = BNRAppDelegate.m; sourceTree = "<group>"; };
		01F898201988C0F30068FD9F /* Images.xcassets */ = {isa = PBXFileReference; lastKnownFileType = folder.assetcatalog; path = Images.xcassets; sourceTree = "<group>"; };
		01F898261988C0F40068FD9F /* HomepwnerTests.xctest */ = {isa = PBXFileReference; explicitFileType = wrapper.cfbundle; includeInIndex = 0; path = HomepwnerTests.xctest; sourceTree = BUILT_PRODUCTS_DIR; };
		01F898271988C0F40068FD9F /* XCTest.framework */ = {isa = PBXFileReference; lastKnownFileType = wrapper.framework; name = XCTest.framework; path = Library/Frameworks/XCTest.framework; sourceTree = DEVELOPER_DIR; };
		01F8982F1988C0F40068FD9F /* HomepwnerTests-Info.plist */ = {isa = PBXFileReference; lastKnownFileType = text.plist.xml; path = "HomepwnerTests-Info.plist"; sourceTree = "<group>"; };
		01F898311988C0F40068FD9F /* en */ = {isa = PBXFileReference; lastKnownFileType = text.plist.strings; name = en; path = en.lproj/InfoPlist.strings; sourceTree = "<group>"; };
		01F898331988C0F40068FD9F /* HomepwnerTests.m */ = {isa = PBXFileReference; lastKnownFileType = sourcecode.c.objc; path = HomepwnerTests.m; sourceTree = "<group>"; };
		01F8983D1988C3180068FD9F /* BNRItemsViewController.h */ = {isa = PBXFileReference; fileEncoding = 4; lastKnownFileType = sourcecode.c.h; path = BNRItemsViewController.h; sourceTree = "<group>"; };
		01F8983E1988C3180068FD9F /* BNRItemsViewController.m */ = {isa = PBXFileReference; fileEncoding = 4; lastKnownFileType = sourcecode.c.objc; name = BNRItemsViewController.m; path = Homepwner/BNRItemsViewController.m; sourceTree = SOURCE_ROOT; };
		01F898401988C4FA0068FD9F /* BNRItem.h */ = {isa = PBXFileReference; fileEncoding = 4; lastKnownFileType = sourcecode.c.h; path = BNRItem.h; sourceTree = "<group>"; };
		01F898411988C4FA0068FD9F /* BNRItem.m */ = {isa = PBXFileReference; fileEncoding = 4; lastKnownFileType = sourcecode.c.objc; path = BNRItem.m; sourceTree = "<group>"; };
		01F898431988C5FD0068FD9F /* BNRItemStore.h */ = {isa = PBXFileReference; fileEncoding = 4; lastKnownFileType = sourcecode.c.h; path = BNRItemStore.h; sourceTree = "<group>"; };
		01F898441988C5FD0068FD9F /* BNRItemStore.m */ = {isa = PBXFileReference; fileEncoding = 4; lastKnownFileType = sourcecode.c.objc; path = BNRItemStore.m; sourceTree = "<group>"; };
/* End PBXFileReference section */

/* Begin PBXFrameworksBuildPhase section */
		01F898081988C0F20068FD9F /* Frameworks */ = {
			isa = PBXFrameworksBuildPhase;
			buildActionMask = 2147483647;
			files = (
				01F898111988C0F20068FD9F /* CoreGraphics.framework in Frameworks */,
				01F898131988C0F20068FD9F /* UIKit.framework in Frameworks */,
				01F8980F1988C0F20068FD9F /* Foundation.framework in Frameworks */,
			);
			runOnlyForDeploymentPostprocessing = 0;
		};
		01F898231988C0F40068FD9F /* Frameworks */ = {
			isa = PBXFrameworksBuildPhase;
			buildActionMask = 2147483647;
			files = (
				01F898281988C0F40068FD9F /* XCTest.framework in Frameworks */,
				01F8982A1988C0F40068FD9F /* UIKit.framework in Frameworks */,
				01F898291988C0F40068FD9F /* Foundation.framework in Frameworks */,
			);
			runOnlyForDeploymentPostprocessing = 0;
		};
/* End PBXFrameworksBuildPhase section */

/* Begin PBXGroup section */
		01F898021988C0F10068FD9F = {
			isa = PBXGroup;
			children = (
				01F898141988C0F20068FD9F /* Homepwner */,
				01F8982D1988C0F40068FD9F /* HomepwnerTests */,
				01F8980D1988C0F20068FD9F /* Frameworks */,
				01F8980C1988C0F20068FD9F /* Products */,
			);
			sourceTree = "<group>";
		};
		01F8980C1988C0F20068FD9F /* Products */ = {
			isa = PBXGroup;
			children = (
				01F8980B1988C0F20068FD9F /* Homepwner.app */,
				01F898261988C0F40068FD9F /* HomepwnerTests.xctest */,
			);
			name = Products;
			sourceTree = "<group>";
		};
		01F8980D1988C0F20068FD9F /* Frameworks */ = {
			isa = PBXGroup;
			children = (
				01F8980E1988C0F20068FD9F /* Foundation.framework */,
				01F898101988C0F20068FD9F /* CoreGraphics.framework */,
				01F898121988C0F20068FD9F /* UIKit.framework */,
				01F898271988C0F40068FD9F /* XCTest.framework */,
			);
			name = Frameworks;
			sourceTree = "<group>";
		};
		01F898141988C0F20068FD9F /* Homepwner */ = {
			isa = PBXGroup;
			children = (
				01F898401988C4FA0068FD9F /* BNRItem.h */,
				01F898411988C4FA0068FD9F /* BNRItem.m */,
				01F8983D1988C3180068FD9F /* BNRItemsViewController.h */,
				01F8983E1988C3180068FD9F /* BNRItemsViewController.m */,
				01A8F292199C90DE0041E758 /* HeaderView.xib */,
				01F8981D1988C0F30068FD9F /* BNRAppDelegate.h */,
				01F8981E1988C0F30068FD9F /* BNRAppDelegate.m */,
				01A8F294199CC98D0041E758 /* BNRDetailViewController.h */,
				01A8F295199CC98D0041E758 /* BNRDetailViewController.m */,
				01A8F296199CC98D0041E758 /* BNRDetailViewController.xib */,
				01F898201988C0F30068FD9F /* Images.xcassets */,
				01F898151988C0F20068FD9F /* Supporting Files */,
				01F898431988C5FD0068FD9F /* BNRItemStore.h */,
				01F898441988C5FD0068FD9F /* BNRItemStore.m */,
			);
			path = Homepwner;
			sourceTree = "<group>";
		};
		01F898151988C0F20068FD9F /* Supporting Files */ = {
			isa = PBXGroup;
			children = (
				01F898161988C0F20068FD9F /* Homepwner-Info.plist */,
				01F898171988C0F20068FD9F /* InfoPlist.strings */,
				01F8981A1988C0F20068FD9F /* main.m */,
				01F8981C1988C0F30068FD9F /* Homepwner-Prefix.pch */,
			);
			name = "Supporting Files";
			sourceTree = "<group>";
		};
		01F8982D1988C0F40068FD9F /* HomepwnerTests */ = {
			isa = PBXGroup;
			children = (
				01F898331988C0F40068FD9F /* HomepwnerTests.m */,
				01F8982E1988C0F40068FD9F /* Supporting Files */,
			);
			path = HomepwnerTests;
			sourceTree = "<group>";
		};
		01F8982E1988C0F40068FD9F /* Supporting Files */ = {
			isa = PBXGroup;
			children = (
				01F8982F1988C0F40068FD9F /* HomepwnerTests-Info.plist */,
				01F898301988C0F40068FD9F /* InfoPlist.strings */,
			);
			name = "Supporting Files";
			sourceTree = "<group>";
		};
/* End PBXGroup section */

/* Begin PBXNativeTarget section */
		01F8980A1988C0F20068FD9F /* Homepwner */ = {
			isa = PBXNativeTarget;
			buildConfigurationList = 01F898371988C0F40068FD9F /* Build configuration list for PBXNativeTarget "Homepwner" */;
			buildPhases = (
				01F898071988C0F20068FD9F /* Sources */,
				01F898081988C0F20068FD9F /* Frameworks */,
				01F898091988C0F20068FD9F /* Resources */,
			);
			buildRules = (
			);
			dependencies = (
			);
			name = Homepwner;
			productName = Homepwner;
			productReference = 01F8980B1988C0F20068FD9F /* Homepwner.app */;
			productType = "com.apple.product-type.application";
		};
		01F898251988C0F40068FD9F /* HomepwnerTests */ = {
			isa = PBXNativeTarget;
			buildConfigurationList = 01F8983A1988C0F40068FD9F /* Build configuration list for PBXNativeTarget "HomepwnerTests" */;
			buildPhases = (
				01F898221988C0F40068FD9F /* Sources */,
				01F898231988C0F40068FD9F /* Frameworks */,
				01F898241988C0F40068FD9F /* Resources */,
			);
			buildRules = (
			);
			dependencies = (
				01F8982C1988C0F40068FD9F /* PBXTargetDependency */,
			);
			name = HomepwnerTests;
			productName = HomepwnerTests;
			productReference = 01F898261988C0F40068FD9F /* HomepwnerTests.xctest */;
			productType = "com.apple.product-type.bundle.unit-test";
		};
/* End PBXNativeTarget section */

/* Begin PBXProject section */
		01F898031988C0F10068FD9F /* Project object */ = {
			isa = PBXProject;
			attributes = {
				CLASSPREFIX = BNR;
				LastUpgradeCheck = 0510;
				ORGANIZATIONNAME = "Big Nerd Ranch";
				TargetAttributes = {
					01F898251988C0F40068FD9F = {
						TestTargetID = 01F8980A1988C0F20068FD9F;
					};
				};
			};
			buildConfigurationList = 01F898061988C0F10068FD9F /* Build configuration list for PBXProject "Homepwner" */;
			compatibilityVersion = "Xcode 3.2";
			developmentRegion = English;
			hasScannedForEncodings = 0;
			knownRegions = (
				en,
			);
			mainGroup = 01F898021988C0F10068FD9F;
			productRefGroup = 01F8980C1988C0F20068FD9F /* Products */;
			projectDirPath = "";
			projectRoot = "";
			targets = (
				01F8980A1988C0F20068FD9F /* Homepwner */,
				01F898251988C0F40068FD9F /* HomepwnerTests */,
			);
		};
/* End PBXProject section */

/* Begin PBXResourcesBuildPhase section */
		01F898091988C0F20068FD9F /* Resources */ = {
			isa = PBXResourcesBuildPhase;
			buildActionMask = 2147483647;
			files = (
				01A8F298199CC98D0041E758 /* BNRDetailViewController.xib in Resources */,
				01A8F293199C90DE0041E758 /* HeaderView.xib in Resources */,
				01F898191988C0F20068FD9F /* InfoPlist.strings in Resources */,
				01F898211988C0F30068FD9F /* Images.xcassets in Resources */,
			);
			runOnlyForDeploymentPostprocessing = 0;
		};
		01F898241988C0F40068FD9F /* Resources */ = {
			isa = PBXResourcesBuildPhase;
			buildActionMask = 2147483647;
			files = (
				01F898321988C0F40068FD9F /* InfoPlist.strings in Resources */,
			);
			runOnlyForDeploymentPostprocessing = 0;
		};
/* End PBXResourcesBuildPhase section */

/* Begin PBXSourcesBuildPhase section */
		01F898071988C0F20068FD9F /* Sources */ = {
			isa = PBXSourcesBuildPhase;
			buildActionMask = 2147483647;
			files = (
				01A8F297199CC98D0041E758 /* BNRDetailViewController.m in Sources */,
				01F898451988C5FD0068FD9F /* BNRItemStore.m in Sources */,
				01F8983F1988C3180068FD9F /* BNRItemsViewController.m in Sources */,
				01F898421988C4FA0068FD9F /* BNRItem.m in Sources */,
				01F8981B1988C0F20068FD9F /* main.m in Sources */,
				01F8981F1988C0F30068FD9F /* BNRAppDelegate.m in Sources */,
			);
			runOnlyForDeploymentPostprocessing = 0;
		};
		01F898221988C0F40068FD9F /* Sources */ = {
			isa = PBXSourcesBuildPhase;
			buildActionMask = 2147483647;
			files = (
				01F898341988C0F40068FD9F /* HomepwnerTests.m in Sources */,
			);
			runOnlyForDeploymentPostprocessing = 0;
		};
/* End PBXSourcesBuildPhase section */

/* Begin PBXTargetDependency section */
		01F8982C1988C0F40068FD9F /* PBXTargetDependency */ = {
			isa = PBXTargetDependency;
			target = 01F8980A1988C0F20068FD9F /* Homepwner */;
			targetProxy = 01F8982B1988C0F40068FD9F /* PBXContainerItemProxy */;
		};
/* End PBXTargetDependency section */

/* Begin PBXVariantGroup section */
		01F898171988C0F20068FD9F /* InfoPlist.strings */ = {
			isa = PBXVariantGroup;
			children = (
				01F898181988C0F20068FD9F /* en */,
			);
			name = InfoPlist.strings;
			sourceTree = "<group>";
		};
		01F898301988C0F40068FD9F /* InfoPlist.strings */ = {
			isa = PBXVariantGroup;
			children = (
				01F898311988C0F40068FD9F /* en */,
			);
			name = InfoPlist.strings;
			sourceTree = "<group>";
		};
/* End PBXVariantGroup section */

/* Begin XCBuildConfiguration section */
		01F898351988C0F40068FD9F /* Debug */ = {
			isa = XCBuildConfiguration;
			buildSettings = {
				ALWAYS_SEARCH_USER_PATHS = NO;
				CLANG_CXX_LANGUAGE_STANDARD = "gnu++0x";
				CLANG_CXX_LIBRARY = "libc++";
				CLANG_ENABLE_MODULES = YES;
				CLANG_ENABLE_OBJC_ARC = YES;
				CLANG_WARN_BOOL_CONVERSION = YES;
				CLANG_WARN_CONSTANT_CONVERSION = YES;
				CLANG_WARN_DIRECT_OBJC_ISA_USAGE = YES_ERROR;
				CLANG_WARN_EMPTY_BODY = YES;
				CLANG_WARN_ENUM_CONVERSION = YES;
				CLANG_WARN_INT_CONVERSION = YES;
				CLANG_WARN_OBJC_ROOT_CLASS = YES_ERROR;
				CLANG_WARN__DUPLICATE_METHOD_MATCH = YES;
				"CODE_SIGN_IDENTITY[sdk=iphoneos*]" = "iPhone Developer";
				COPY_PHASE_STRIP = NO;
				GCC_C_LANGUAGE_STANDARD = gnu99;
				GCC_DYNAMIC_NO_PIC = NO;
				GCC_OPTIMIZATION_LEVEL = 0;
				GCC_PREPROCESSOR_DEFINITIONS = (
					"DEBUG=1",
					"$(inherited)",
				);
				GCC_SYMBOLS_PRIVATE_EXTERN = NO;
				GCC_WARN_64_TO_32_BIT_CONVERSION = YES;
				GCC_WARN_ABOUT_RETURN_TYPE = YES_ERROR;
				GCC_WARN_UNDECLARED_SELECTOR = YES;
				GCC_WARN_UNINITIALIZED_AUTOS = YES_AGGRESSIVE;
				GCC_WARN_UNUSED_FUNCTION = YES;
				GCC_WARN_UNUSED_VARIABLE = YES;
				IPHONEOS_DEPLOYMENT_TARGET = 7.1;
				ONLY_ACTIVE_ARCH = YES;
				SDKROOT = iphoneos;
			};
			name = Debug;
		};
		01F898361988C0F40068FD9F /* Release */ = {
			isa = XCBuildConfiguration;
			buildSettings = {
				ALWAYS_SEARCH_USER_PATHS = NO;
				CLANG_CXX_LANGUAGE_STANDARD = "gnu++0x";
				CLANG_CXX_LIBRARY = "libc++";
				CLANG_ENABLE_MODULES = YES;
				CLANG_ENABLE_OBJC_ARC = YES;
				CLANG_WARN_BOOL_CONVERSION = YES;
				CLANG_WARN_CONSTANT_CONVERSION = YES;
				CLANG_WARN_DIRECT_OBJC_ISA_USAGE = YES_ERROR;
				CLANG_WARN_EMPTY_BODY = YES;
				CLANG_WARN_ENUM_CONVERSION = YES;
				CLANG_WARN_INT_CONVERSION = YES;
				CLANG_WARN_OBJC_ROOT_CLASS = YES_ERROR;
				CLANG_WARN__DUPLICATE_METHOD_MATCH = YES;
				"CODE_SIGN_IDENTITY[sdk=iphoneos*]" = "iPhone Developer";
				COPY_PHASE_STRIP = YES;
				ENABLE_NS_ASSERTIONS = NO;
				GCC_C_LANGUAGE_STANDARD = gnu99;
				GCC_WARN_64_TO_32_BIT_CONVERSION = YES;
				GCC_WARN_ABOUT_RETURN_TYPE = YES_ERROR;
				GCC_WARN_UNDECLARED_SELECTOR = YES;
				GCC_WARN_UNINITIALIZED_AUTOS = YES_AGGRESSIVE;
				GCC_WARN_UNUSED_FUNCTION = YES;
				GCC_WARN_UNUSED_VARIABLE = YES;
				IPHONEOS_DEPLOYMENT_TARGET = 7.1;
				SDKROOT = iphoneos;
				VALIDATE_PRODUCT = YES;
			};
			name = Release;
		};
		01F898381988C0F40068FD9F /* Debug */ = {
			isa = XCBuildConfiguration;
			buildSettings = {
				ASSETCATALOG_COMPILER_APPICON_NAME = AppIcon;
				ASSETCATALOG_COMPILER_LAUNCHIMAGE_NAME = LaunchImage;
				GCC_PRECOMPILE_PREFIX_HEADER = YES;
				GCC_PREFIX_HEADER = "Homepwner/Homepwner-Prefix.pch";
				INFOPLIST_FILE = "Homepwner/Homepwner-Info.plist";
				PRODUCT_NAME = "$(TARGET_NAME)";
				WRAPPER_EXTENSION = app;
			};
			name = Debug;
		};
		01F898391988C0F40068FD9F /* Release */ = {
			isa = XCBuildConfiguration;
			buildSettings = {
				ASSETCATALOG_COMPILER_APPICON_NAME = AppIcon;
				ASSETCATALOG_COMPILER_LAUNCHIMAGE_NAME = LaunchImage;
				GCC_PRECOMPILE_PREFIX_HEADER = YES;
				GCC_PREFIX_HEADER = "Homepwner/Homepwner-Prefix.pch";
				INFOPLIST_FILE = "Homepwner/Homepwner-Info.plist";
				PRODUCT_NAME = "$(TARGET_NAME)";
				WRAPPER_EXTENSION = app;
			};
			name = Release;
		};
		01F8983B1988C0F40068FD9F /* Debug */ = {
			isa = XCBuildConfiguration;
			buildSettings = {
				BUNDLE_LOADER = "$(BUILT_PRODUCTS_DIR)/Homepwner.app/Homepwner";
				FRAMEWORK_SEARCH_PATHS = (
					"$(SDKROOT)/Developer/Library/Frameworks",
					"$(inherited)",
					"$(DEVELOPER_FRAMEWORKS_DIR)",
				);
				GCC_PRECOMPILE_PREFIX_HEADER = YES;
				GCC_PREFIX_HEADER = "Homepwner/Homepwner-Prefix.pch";
				GCC_PREPROCESSOR_DEFINITIONS = (
					"DEBUG=1",
					"$(inherited)",
				);
				INFOPLIST_FILE = "HomepwnerTests/HomepwnerTests-Info.plist";
				PRODUCT_NAME = "$(TARGET_NAME)";
				TEST_HOST = "$(BUNDLE_LOADER)";
				WRAPPER_EXTENSION = xctest;
			};
			name = Debug;
		};
		01F8983C1988C0F40068FD9F /* Release */ = {
			isa = XCBuildConfiguration;
			buildSettings = {
				BUNDLE_LOADER = "$(BUILT_PRODUCTS_DIR)/Homepwner.app/Homepwner";
				FRAMEWORK_SEARCH_PATHS = (
					"$(SDKROOT)/Developer/Library/Frameworks",
					"$(inherited)",
					"$(DEVELOPER_FRAMEWORKS_DIR)",
				);
				GCC_PRECOMPILE_PREFIX_HEADER = YES;
				GCC_PREFIX_HEADER = "Homepwner/Homepwner-Prefix.pch";
				INFOPLIST_FILE = "HomepwnerTests/HomepwnerTests-Info.plist";
				PRODUCT_NAME = "$(TARGET_NAME)";
				TEST_HOST = "$(BUNDLE_LOADER)";
				WRAPPER_EXTENSION = xctest;
			};
			name = Release;
		};
/* End XCBuildConfiguration section */

/* Begin XCConfigurationList section */
		01F898061988C0F10068FD9F /* Build configuration list for PBXProject "Homepwner" */ = {
			isa = XCConfigurationList;
			buildConfigurations = (
				01F898351988C0F40068FD9F /* Debug */,
				01F898361988C0F40068FD9F /* Release */,
			);
			defaultConfigurationIsVisible = 0;
			defaultConfigurationName = Release;
		};
		01F898371988C0F40068FD9F /* Build configuration list for PBXNativeTarget "Homepwner" */ = {
			isa = XCConfigurationList;
			buildConfigurations = (
				01F898381988C0F40068FD9F /* Debug */,
				01F898391988C0F40068FD9F /* Release */,
			);
			defaultConfigurationIsVisible = 0;
			defaultConfigurationName = Release;
		};
		01F8983A1988C0F40068FD9F /* Build configuration list for PBXNativeTarget "HomepwnerTests" */ = {
			isa = XCConfigurationList;
			buildConfigurations = (
				01F8983B1988C0F40068FD9F /* Debug */,
				01F8983C1988C0F40068FD9F /* Release */,
			);
			defaultConfigurationIsVisible = 0;
			defaultConfigurationName = Release;
		};
/* End XCConfigurationList section */
	};
	rootObject = 01F898031988C0F10068FD9F /* Project object */;
}
